
Microsoft Visual Studio Solution File, Format Version 12.00
# Visual Studio Version 17
VisualStudioVersion = 17.7.34202.233
MinimumVisualStudioVersion = 10.0.40219.1
Project("{FAE04EC0-301F-11D3-BF4B-00C04F79EFBC}") = "WindowsFormDraft", "WindowsFormsApp2\WindowsFormDraft.csproj", "{3BC38E0F-167A-411F-A046-001846D4EF8E}"
EndProject
Global
	GlobalSection(SolutionConfigurationPlatforms) = preSolution
		Debug|Any CPU = Debug|Any CPU
		Release|Any CPU = Release|Any CPU
	EndGlobalSection
	GlobalSection(ProjectConfigurationPlatforms) = postSolution
		{3BC38E0F-167A-411F-A046-001846D4EF8E}.Debug|Any CPU.ActiveCfg = Debug|Any CPU
		{3BC38E0F-167A-411F-A046-001846D4EF8E}.Debug|Any CPU.Build.0 = Debug|Any CPU
		{3BC38E0F-167A-411F-A046-001846D4EF8E}.Release|Any CPU.ActiveCfg = Release|Any CPU
		{3BC38E0F-167A-411F-A046-001846D4EF8E}.Release|Any CPU.Build.0 = Release|Any CPU
	EndGlobalSection
	GlobalSection(SolutionProperties) = preSolution
		HideSolutionNode = FALSE
	EndGlobalSection
	GlobalSection(ExtensibilityGlobals) = postSolution
		SolutionGuid = {17048941-111F-419E-A471-C828BA6ED8F0}
	EndGlobalSection
EndGlobal
